# THIS IS AN AUTOGENERATED FILE. DO NOT EDIT THIS FILE DIRECTLY.
# yarn lockfile v1


reveal.js@^3.8.0:
  version "3.8.0"
  resolved "https://registry.yarnpkg.com/reveal.js/-/reveal.js-3.8.0.tgz#9a2818e366d46237f0e64c00f50a05f2340cd50f"
  integrity sha512-MQ+UBXIIL9IyBXhkLZWb/AG5h5/BedmnHXHIEavMBawNLVfAayvTrwNlDjGn4tf/CQ2CTJR8jSyIdu4RpfoLpg==
